// !$*UTF8*$!
{
	archiveVersion = 1;
	classes = {
	};
	objectVersion = 56;
	objects = {

/* Begin PBXBuildFile section */
		A10000000000000000000010 /* PortalEUApp.swift in Sources */ = {isa = PBXBuildFile; fileRef = A10000000000000000000020 /* PortalEUApp.swift */; };
		A10000000000000000000011 /* ContentView.swift in Sources */ = {isa = PBXBuildFile; fileRef = A10000000000000000000021 /* ContentView.swift */; };
		A10000000000000000000012 /* PortalWebView.swift in Sources */ = {isa = PBXBuildFile; fileRef = A10000000000000000000022 /* PortalWebView.swift */; };
		A10000000000000000000013 /* PrivacyInfo.xcprivacy in Resources */ = {isa = PBXBuildFile; fileRef = A10000000000000000000023 /* PrivacyInfo.xcprivacy */; };
		A10000000000000000000014 /* PortalNativeBridge.swift in Sources */ = {isa = PBXBuildFile; fileRef = A10000000000000000000026 /* PortalNativeBridge.swift */; };
		A10000000000000000000015 /* portal-native-bridge.js in Resources */ = {isa = PBXBuildFile; fileRef = A10000000000000000000027 /* portal-native-bridge.js */; };
/* End PBXBuildFile section */

/* Begin PBXFileReference section */
		A10000000000000000000020 /* PortalEUApp.swift */ = {isa = PBXFileReference; lastKnownFileType = sourcecode.swift; path = PortalEUApp.swift; sourceTree = "<group>"; };
		A10000000000000000000021 /* ContentView.swift */ = {isa = PBXFileReference; lastKnownFileType = sourcecode.swift; path = ContentView.swift; sourceTree = "<group>"; };
		A10000000000000000000022 /* PortalWebView.swift */ = {isa = PBXFileReference; lastKnownFileType = sourcecode.swift; path = PortalWebView.swift; sourceTree = "<group>"; };
		A10000000000000000000023 /* PrivacyInfo.xcprivacy */ = {isa = PBXFileReference; lastKnownFileType = text.xml; path = PrivacyInfo.xcprivacy; sourceTree = "<group>"; };
		A10000000000000000000024 /* Info.plist */ = {isa = PBXFileReference; lastKnownFileType = text.plist.xml; path = Info.plist; sourceTree = "<group>"; };
		A10000000000000000000025 /* PortalEU.app */ = {isa = PBXFileReference; explicitFileType = wrapper.application; includeInIndex = 0; path = PortalEU.app; sourceTree = BUILT_PRODUCTS_DIR; };
		A10000000000000000000026 /* PortalNativeBridge.swift */ = {isa = PBXFileReference; lastKnownFileType = sourcecode.swift; path = PortalNativeBridge.swift; sourceTree = "<group>"; };
		A10000000000000000000027 /* portal-native-bridge.js */ = {isa = PBXFileReference; lastKnownFileType = sourcecode.javascript; name = portal-native-bridge.js; path = ../../src/portal-native-bridge.js; sourceTree = "<group>"; };
/* End PBXFileReference section */

/* Begin PBXFrameworksBuildPhase section */
		A10000000000000000000042 /* Frameworks */ = {
			isa = PBXFrameworksBuildPhase;
			buildActionMask = 2147483647;
			files = (
			);
			runOnlyForDeploymentPostprocessing = 0;
		};
/* End PBXFrameworksBuildPhase section */

/* Begin PBXGroup section */
		A10000000000000000000030 /* PortalEU */ = {
			isa = PBXGroup;
			children = (
				A10000000000000000000020 /* PortalEUApp.swift */,
				A10000000000000000000021 /* ContentView.swift */,
				A10000000000000000000022 /* PortalWebView.swift */,
				A10000000000000000000026 /* PortalNativeBridge.swift */,
				A10000000000000000000027 /* portal-native-bridge.js */,
				A10000000000000000000024 /* Info.plist */,
				A10000000000000000000023 /* PrivacyInfo.xcprivacy */,
			);
			path = PortalEU;
			sourceTree = "<group>";
		};
		A10000000000000000000031 /* Products */ = {
			isa = PBXGroup;
			children = (
				A10000000000000000000025 /* PortalEU.app */,
			);
			name = Products;
			sourceTree = "<group>";
		};
		A10000000000000000000032 = {
			isa = PBXGroup;
			children = (
				A10000000000000000000030 /* PortalEU */,
				A10000000000000000000031 /* Products */,
			);
			sourceTree = "<group>";
		};
/* End PBXGroup section */

/* Begin PBXNativeTarget section */
		A10000000000000000000040 /* PortalEU */ = {
			isa = PBXNativeTarget;
			buildConfigurationList = A10000000000000000000070 /* Build configuration list for PBXNativeTarget "PortalEU" */;
			buildPhases = (
				A10000000000000000000041 /* Sources */,
				A10000000000000000000042 /* Frameworks */,
				A10000000000000000000043 /* Resources */,
			);
			buildRules = (
			);
			dependencies = (
			);
			name = PortalEU;
			productName = PortalEU;
			productReference = A10000000000000000000025 /* PortalEU.app */;
			productType = "com.apple.product-type.application";
		};
/* End PBXNativeTarget section */

/* Begin PBXProject section */
		A10000000000000000000050 /* Project object */ = {
			isa = PBXProject;
			attributes = {
				BuildIndependentTargetsInParallel = 1;
				LastUpgradeCheck = 1600;
				TargetAttributes = {
					A10000000000000000000040 = {
						CreatedOnToolsVersion = 16.0;
					};
				};
			};
			buildConfigurationList = A10000000000000000000060 /* Build configuration list for PBXProject "PortalEU" */;
			compatibilityVersion = "Xcode 14.0";
			developmentRegion = de;
			hasScannedForEncodings = 0;
			knownRegions = (
				en,
				Base,
				de,
			);
			mainGroup = A10000000000000000000032;
			productRefGroup = A10000000000000000000031 /* Products */;
			projectDirPath = "";
			projectRoot = "";
			targets = (
				A10000000000000000000040 /* PortalEU */,
			);
		};
/* End PBXProject section */

/* Begin PBXResourcesBuildPhase section */
		A10000000000000000000043 /* Resources */ = {
			isa = PBXResourcesBuildPhase;
			buildActionMask = 2147483647;
			files = (
				A10000000000000000000013 /* PrivacyInfo.xcprivacy in Resources */,
				A10000000000000000000015 /* portal-native-bridge.js in Resources */,
			);
			runOnlyForDeploymentPostprocessing = 0;
		};
/* End PBXResourcesBuildPhase section */

/* Begin PBXSourcesBuildPhase section */
		A10000000000000000000041 /* Sources */ = {
			isa = PBXSourcesBuildPhase;
			buildActionMask = 2147483647;
			files = (
				A10000000000000000000010 /* PortalEUApp.swift in Sources */,
				A10000000000000000000011 /* ContentView.swift in Sources */,
				A10000000000000000000012 /* PortalWebView.swift in Sources */,
				A10000000000000000000014 /* PortalNativeBridge.swift in Sources */,
			);
			runOnlyForDeploymentPostprocessing = 0;
		};
/* End PBXSourcesBuildPhase section */

/* Begin XCBuildConfiguration section */
		A10000000000000000000061 /* Debug */ = {
			isa = XCBuildConfiguration;
			buildSettings = {
				ALWAYS_SEARCH_USER_PATHS = NO;
				CLANG_ENABLE_MODULES = YES;
				COPY_PHASE_STRIP = NO;
				DEBUG_INFORMATION_FORMAT = dwarf;
				ENABLE_TESTABILITY = YES;
				IPHONEOS_DEPLOYMENT_TARGET = 16.0;
				ONLY_ACTIVE_ARCH = YES;
				SDKROOT = iphoneos;
				SWIFT_ACTIVE_COMPILATION_CONDITIONS = DEBUG;
				SWIFT_OPTIMIZATION_LEVEL = "-Onone";
			};
			name = Debug;
		};
		A10000000000000000000062 /* Release */ = {
			isa = XCBuildConfiguration;
			buildSettings = {
				ALWAYS_SEARCH_USER_PATHS = NO;
				CLANG_ENABLE_MODULES = YES;
				COPY_PHASE_STRIP = NO;
				DEBUG_INFORMATION_FORMAT = "dwarf-with-dsym";
				IPHONEOS_DEPLOYMENT_TARGET = 16.0;
				SDKROOT = iphoneos;
				SWIFT_COMPILATION_MODE = wholemodule;
				VALIDATE_PRODUCT = YES;
			};
			name = Release;
		};
		A10000000000000000000063 /* Debug */ = {
			isa = XCBuildConfiguration;
			buildSettings = {
				CODE_SIGN_STYLE = Automatic;
				CURRENT_PROJECT_VERSION = 1;
				DEVELOPMENT_TEAM = 3DKACDD8PH;
				GENERATE_INFOPLIST_FILE = NO;
				INFOPLIST_FILE = PortalEU/Info.plist;
				LD_RUNPATH_SEARCH_PATHS = (
					"$(inherited)",
					"@executable_path/Frameworks",
				);
				MARKETING_VERSION = 1.0.29;
				PRODUCT_BUNDLE_IDENTIFIER = com.gfelektro.portal.ios;
				PRODUCT_NAME = "$(TARGET_NAME)";
				SWIFT_VERSION = 5.0;
				TARGETED_DEVICE_FAMILY = "1,2";
			};
			name = Debug;
		};
		A10000000000000000000064 /* Release */ = {
			isa = XCBuildConfiguration;
			buildSettings = {
				CODE_SIGN_STYLE = Automatic;
				CURRENT_PROJECT_VERSION = 1;
				DEVELOPMENT_TEAM = 3DKACDD8PH;
				GENERATE_INFOPLIST_FILE = NO;
				INFOPLIST_FILE = PortalEU/Info.plist;
				LD_RUNPATH_SEARCH_PATHS = (
					"$(inherited)",
					"@executable_path/Frameworks",
				);
				MARKETING_VERSION = 1.0.29;
				PRODUCT_BUNDLE_IDENTIFIER = com.gfelektro.portal.ios;
				PRODUCT_NAME = "$(TARGET_NAME)";
				SWIFT_VERSION = 5.0;
				TARGETED_DEVICE_FAMILY = "1,2";
			};
			name = Release;
		};
/* End XCBuildConfiguration section */

/* Begin XCConfigurationList section */
		A10000000000000000000060 /* Build configuration list for PBXProject "PortalEU" */ = {
			isa = XCConfigurationList;
			buildConfigurations = (
				A10000000000000000000061 /* Debug */,
				A10000000000000000000062 /* Release */,
			);
			defaultConfigurationIsVisible = 0;
			defaultConfigurationName = Release;
		};
		A10000000000000000000070 /* Build configuration list for PBXNativeTarget "PortalEU" */ = {
			isa = XCConfigurationList;
			buildConfigurations = (
				A10000000000000000000063 /* Debug */,
				A10000000000000000000064 /* Release */,
			);
			defaultConfigurationIsVisible = 0;
			defaultConfigurationName = Release;
		};
/* End XCConfigurationList section */
	};
	rootObject = A10000000000000000000050 /* Project object */;
}
